
Microsoft Visual Studio Solution File, Format Version 12.00
# Visual Studio 15
VisualStudioVersion = 15.0.27703.2042
MinimumVisualStudioVersion = 10.0.40219.1
Project("{FAE04EC0-301F-11D3-BF4B-00C04F79EFBC}") = "SalesProcessor", "SalesProcessor\SalesProcessor.csproj", "{B211A99A-D4E5-4E41-A2A4-89BA89A2188F}"
EndProject
Global
	GlobalSection(SolutionConfigurationPlatforms) = preSolution
		Debug|Any CPU = Debug|Any CPU
		Release|Any CPU = Release|Any CPU
	EndGlobalSection
	GlobalSection(ProjectConfigurationPlatforms) = postSolution
		{B211A99A-D4E5-4E41-A2A4-89BA89A2188F}.Debug|Any CPU.ActiveCfg = Debug|Any CPU
		{B211A99A-D4E5-4E41-A2A4-89BA89A2188F}.Debug|Any CPU.Build.0 = Debug|Any CPU
		{B211A99A-D4E5-4E41-A2A4-89BA89A2188F}.Release|Any CPU.ActiveCfg = Release|Any CPU
		{B211A99A-D4E5-4E41-A2A4-89BA89A2188F}.Release|Any CPU.Build.0 = Release|Any CPU
	EndGlobalSection
	GlobalSection(SolutionProperties) = preSolution
		HideSolutionNode = FALSE
	EndGlobalSection
	GlobalSection(ExtensibilityGlobals) = postSolution
		SolutionGuid = {1A1206A3-395D-40AA-A34F-E742396C8C3C}
	EndGlobalSection
EndGlobal
